
Microsoft Visual Studio Solution File, Format Version 12.00
# Visual Studio Version 17
VisualStudioVersion = 17.8.34511.84
MinimumVisualStudioVersion = 10.0.40219.1
Project("{2150E333-8FDC-42A3-9474-1A3956D46DE8}") = "BanksApi", "BanksApi", "{314EAE89-2CF3-4007-B6E1-FF846A564F2D}"
EndProject
Project("{2150E333-8FDC-42A3-9474-1A3956D46DE8}") = "MyApplication", "MyApplication", "{CFF01F1F-401B-406F-8DC3-39C9C962BC18}"
EndProject
Project("{2150E333-8FDC-42A3-9474-1A3956D46DE8}") = "src", "src", "{E0A3B311-8674-4265-AE06-98CCDC4E48DC}"
EndProject
Project("{9A19103F-16F7-4668-BE54-9A1E7A4F7556}") = "BankApiProj", "BankApiProj\BankApiProj.csproj", "{1CA941BF-D5F4-439A-A650-50AD6AD32C5C}"
EndProject
Project("{9A19103F-16F7-4668-BE54-9A1E7A4F7556}") = "BudgetTRacker", "BudgetTRacker\BudgetTRacker.csproj", "{B4608AFD-FBC8-4B83-ADCB-E2912EB78521}"
EndProject
Global
	GlobalSection(SolutionConfigurationPlatforms) = preSolution
		Debug|Any CPU = Debug|Any CPU
		Release|Any CPU = Release|Any CPU
	EndGlobalSection
	GlobalSection(ProjectConfigurationPlatforms) = postSolution
		{1CA941BF-D5F4-439A-A650-50AD6AD32C5C}.Debug|Any CPU.ActiveCfg = Debug|Any CPU
		{1CA941BF-D5F4-439A-A650-50AD6AD32C5C}.Debug|Any CPU.Build.0 = Debug|Any CPU
		{1CA941BF-D5F4-439A-A650-50AD6AD32C5C}.Release|Any CPU.ActiveCfg = Release|Any CPU
		{1CA941BF-D5F4-439A-A650-50AD6AD32C5C}.Release|Any CPU.Build.0 = Release|Any CPU
		{B4608AFD-FBC8-4B83-ADCB-E2912EB78521}.Debug|Any CPU.ActiveCfg = Debug|Any CPU
		{B4608AFD-FBC8-4B83-ADCB-E2912EB78521}.Debug|Any CPU.Build.0 = Debug|Any CPU
		{B4608AFD-FBC8-4B83-ADCB-E2912EB78521}.Release|Any CPU.ActiveCfg = Release|Any CPU
		{B4608AFD-FBC8-4B83-ADCB-E2912EB78521}.Release|Any CPU.Build.0 = Release|Any CPU
	EndGlobalSection
	GlobalSection(SolutionProperties) = preSolution
		HideSolutionNode = FALSE
	EndGlobalSection
	GlobalSection(NestedProjects) = preSolution
		{314EAE89-2CF3-4007-B6E1-FF846A564F2D} = {E0A3B311-8674-4265-AE06-98CCDC4E48DC}
		{CFF01F1F-401B-406F-8DC3-39C9C962BC18} = {E0A3B311-8674-4265-AE06-98CCDC4E48DC}
		{1CA941BF-D5F4-439A-A650-50AD6AD32C5C} = {314EAE89-2CF3-4007-B6E1-FF846A564F2D}
		{B4608AFD-FBC8-4B83-ADCB-E2912EB78521} = {CFF01F1F-401B-406F-8DC3-39C9C962BC18}
	EndGlobalSection
	GlobalSection(ExtensibilityGlobals) = postSolution
		SolutionGuid = {4423C569-284E-4A73-A466-6BFFBBAC66ED}
	EndGlobalSection
EndGlobal
